
Microsoft Visual Studio Solution File, Format Version 12.00
# Visual Studio Version 17
VisualStudioVersion = 17.8.34322.80
MinimumVisualStudioVersion = 10.0.40219.1
Project("{FAE04EC0-301F-11D3-BF4B-00C04F79EFBC}") = "Azure.Blob.Trig.Func", "Azure.Blob.Trig.Func.csproj", "{77DC0C1D-DCC5-4598-9B0E-440AEB98AF5D}"
EndProject
Global
	GlobalSection(SolutionConfigurationPlatforms) = preSolution
		Debug|Any CPU = Debug|Any CPU
		Release|Any CPU = Release|Any CPU
	EndGlobalSection
	GlobalSection(ProjectConfigurationPlatforms) = postSolution
		{77DC0C1D-DCC5-4598-9B0E-440AEB98AF5D}.Debug|Any CPU.ActiveCfg = Debug|Any CPU
		{77DC0C1D-DCC5-4598-9B0E-440AEB98AF5D}.Debug|Any CPU.Build.0 = Debug|Any CPU
		{77DC0C1D-DCC5-4598-9B0E-440AEB98AF5D}.Release|Any CPU.ActiveCfg = Release|Any CPU
		{77DC0C1D-DCC5-4598-9B0E-440AEB98AF5D}.Release|Any CPU.Build.0 = Release|Any CPU
	EndGlobalSection
	GlobalSection(SolutionProperties) = preSolution
		HideSolutionNode = FALSE
	EndGlobalSection
	GlobalSection(ExtensibilityGlobals) = postSolution
		SolutionGuid = {621FCC80-0B7E-4801-9641-55BDF49FD906}
	EndGlobalSection
EndGlobal
